
Microsoft Visual Studio Solution File, Format Version 12.00
# Visual Studio 14
VisualStudioVersion = 14.0.25420.1
MinimumVisualStudioVersion = 10.0.40219.1
Project("{8BC9CEB8-8B4A-11D0-8D11-00A0C91BC942}") = "OpenGlGraphics", "OpenGlGraphics\OpenGlGraphics.vcxproj", "{98EEAF35-9CA3-40D5-B572-97B5B8C6CA5B}"
EndProject
Project("{2150E333-8FDC-42A3-9474-1A3956D46DE8}") = "Solution Items", "Solution Items", "{D45947CB-BBE5-4135-BD3A-6AB1481C2DB9}"
	ProjectSection(SolutionItems) = preProject
		OpenGlGraphics\res\Texture.jpg = OpenGlGraphics\res\Texture.jpg
	EndProjectSection
EndProject
Global
	GlobalSection(SolutionConfigurationPlatforms) = preSolution
		Debug|WIN32 = Debug|WIN32
		Debug|x64 = Debug|x64
		Debug|x86 = Debug|x86
		Release|WIN32 = Release|WIN32
		Release|x64 = Release|x64
		Release|x86 = Release|x86
	EndGlobalSection
	GlobalSection(ProjectConfigurationPlatforms) = postSolution
		{98EEAF35-9CA3-40D5-B572-97B5B8C6CA5B}.Debug|WIN32.ActiveCfg = Debug|Win32
		{98EEAF35-9CA3-40D5-B572-97B5B8C6CA5B}.Debug|WIN32.Build.0 = Debug|Win32
		{98EEAF35-9CA3-40D5-B572-97B5B8C6CA5B}.Debug|x64.ActiveCfg = Debug|Win32
		{98EEAF35-9CA3-40D5-B572-97B5B8C6CA5B}.Debug|x64.Build.0 = Debug|Win32
		{98EEAF35-9CA3-40D5-B572-97B5B8C6CA5B}.Debug|x86.ActiveCfg = Debug|Win32
		{98EEAF35-9CA3-40D5-B572-97B5B8C6CA5B}.Debug|x86.Build.0 = Debug|Win32
		{98EEAF35-9CA3-40D5-B572-97B5B8C6CA5B}.Release|WIN32.ActiveCfg = Release|Win32
		{98EEAF35-9CA3-40D5-B572-97B5B8C6CA5B}.Release|WIN32.Build.0 = Release|Win32
		{98EEAF35-9CA3-40D5-B572-97B5B8C6CA5B}.Release|x64.ActiveCfg = Release|x64
		{98EEAF35-9CA3-40D5-B572-97B5B8C6CA5B}.Release|x64.Build.0 = Release|x64
		{98EEAF35-9CA3-40D5-B572-97B5B8C6CA5B}.Release|x86.ActiveCfg = Release|Win32
		{98EEAF35-9CA3-40D5-B572-97B5B8C6CA5B}.Release|x86.Build.0 = Release|Win32
	EndGlobalSection
	GlobalSection(SolutionProperties) = preSolution
		HideSolutionNode = FALSE
	EndGlobalSection
EndGlobal
